{
  "name": "day2",
  "lockfileVersion": 3,
  "requires": true,
  "packages": {
    "": {
      "dependencies": {
        "@snipkode/server": "^0.0.85"
      }
    },
    "node_modules/@snipkode/server": {
      "version": "0.0.85",
      "resolved": "https://registry.npmjs.org/@snipkode/server/-/server-0.0.85.tgz",
      "integrity": "sha512-eT7QHZHLjN29tm1HhIKW883QLOtUexj7Yl68TM6VwDOOOVn3dGcS0OxeE2K9b9YUhu0Plvx9HPcB6bRBqbumfw==",
      "bin": {
        "snipkode": "bin/snipkode"
      }
    }
  }
}
